
Microsoft Visual Studio Solution File, Format Version 12.00
Project("{FAE04EC0-301F-11D3-BF4B-00C04F79EFBC}") = "task1", "task1\task1.csproj", "{5F4A220B-5414-4211-A01C-828C6FCBA05D}"
EndProject
Project("{FAE04EC0-301F-11D3-BF4B-00C04F79EFBC}") = "Task 2", "Task 2\Task 2.csproj", "{96D76056-949D-4339-A0E1-76FC8BAC167D}"
EndProject
Project("{FAE04EC0-301F-11D3-BF4B-00C04F79EFBC}") = "Task3", "Task3\Task3.csproj", "{96170C6E-B205-486C-ADD3-F5F5A3229CA4}"
EndProject
Project("{FAE04EC0-301F-11D3-BF4B-00C04F79EFBC}") = "Task4", "Task4\Task4.csproj", "{9C6EE1E6-0A6C-4FA8-8068-009E225171D5}"
EndProject
Project("{FAE04EC0-301F-11D3-BF4B-00C04F79EFBC}") = "Task5", "Task5\Task5.csproj", "{D8806CA1-71B6-4278-BEAA-7381C1C9032E}"
EndProject
Global
	GlobalSection(SolutionConfigurationPlatforms) = preSolution
		Debug|Any CPU = Debug|Any CPU
		Release|Any CPU = Release|Any CPU
	EndGlobalSection
	GlobalSection(ProjectConfigurationPlatforms) = postSolution
		{5F4A220B-5414-4211-A01C-828C6FCBA05D}.Debug|Any CPU.ActiveCfg = Debug|Any CPU
		{5F4A220B-5414-4211-A01C-828C6FCBA05D}.Debug|Any CPU.Build.0 = Debug|Any CPU
		{5F4A220B-5414-4211-A01C-828C6FCBA05D}.Release|Any CPU.ActiveCfg = Release|Any CPU
		{5F4A220B-5414-4211-A01C-828C6FCBA05D}.Release|Any CPU.Build.0 = Release|Any CPU
		{96D76056-949D-4339-A0E1-76FC8BAC167D}.Debug|Any CPU.ActiveCfg = Debug|Any CPU
		{96D76056-949D-4339-A0E1-76FC8BAC167D}.Debug|Any CPU.Build.0 = Debug|Any CPU
		{96D76056-949D-4339-A0E1-76FC8BAC167D}.Release|Any CPU.ActiveCfg = Release|Any CPU
		{96D76056-949D-4339-A0E1-76FC8BAC167D}.Release|Any CPU.Build.0 = Release|Any CPU
		{96170C6E-B205-486C-ADD3-F5F5A3229CA4}.Debug|Any CPU.ActiveCfg = Debug|Any CPU
		{96170C6E-B205-486C-ADD3-F5F5A3229CA4}.Debug|Any CPU.Build.0 = Debug|Any CPU
		{96170C6E-B205-486C-ADD3-F5F5A3229CA4}.Release|Any CPU.ActiveCfg = Release|Any CPU
		{96170C6E-B205-486C-ADD3-F5F5A3229CA4}.Release|Any CPU.Build.0 = Release|Any CPU
		{9C6EE1E6-0A6C-4FA8-8068-009E225171D5}.Debug|Any CPU.ActiveCfg = Debug|Any CPU
		{9C6EE1E6-0A6C-4FA8-8068-009E225171D5}.Debug|Any CPU.Build.0 = Debug|Any CPU
		{9C6EE1E6-0A6C-4FA8-8068-009E225171D5}.Release|Any CPU.ActiveCfg = Release|Any CPU
		{9C6EE1E6-0A6C-4FA8-8068-009E225171D5}.Release|Any CPU.Build.0 = Release|Any CPU
		{D8806CA1-71B6-4278-BEAA-7381C1C9032E}.Debug|Any CPU.ActiveCfg = Debug|Any CPU
		{D8806CA1-71B6-4278-BEAA-7381C1C9032E}.Debug|Any CPU.Build.0 = Debug|Any CPU
		{D8806CA1-71B6-4278-BEAA-7381C1C9032E}.Release|Any CPU.ActiveCfg = Release|Any CPU
		{D8806CA1-71B6-4278-BEAA-7381C1C9032E}.Release|Any CPU.Build.0 = Release|Any CPU
	EndGlobalSection
EndGlobal
